
Microsoft Visual Studio Solution File, Format Version 12.00
# Visual Studio 15
VisualStudioVersion = 15.0.28307.421
MinimumVisualStudioVersion = 10.0.40219.1
Project("{FAE04EC0-301F-11D3-BF4B-00C04F79EFBC}") = "PlayMusic", "PlayMusic\PlayMusic.csproj", "{F886237F-0EE0-4F05-8628-DE206A796C75}"
EndProject
Project("{FAE04EC0-301F-11D3-BF4B-00C04F79EFBC}") = "BLL", "BLL\BLL.csproj", "{B6C5D2D6-EBEE-4453-A84C-F23633B8A826}"
EndProject
Project("{FAE04EC0-301F-11D3-BF4B-00C04F79EFBC}") = "SQLDAL", "SQLServerDAL\SQLDAL.csproj", "{B0D9AEE7-8B29-4F81-97FF-FC543147F855}"
EndProject
Project("{FAE04EC0-301F-11D3-BF4B-00C04F79EFBC}") = "Model", "Model\Model.csproj", "{670053A3-B9F8-442E-8A98-1297F314D9F4}"
EndProject
Project("{FAE04EC0-301F-11D3-BF4B-00C04F79EFBC}") = "UTILS", "CONEXAO\UTILS.csproj", "{AD495CA1-A6B8-46FE-8D29-91D4FB0BBFD3}"
EndProject
Global
	GlobalSection(SolutionConfigurationPlatforms) = preSolution
		Debug|Any CPU = Debug|Any CPU
		Release|Any CPU = Release|Any CPU
	EndGlobalSection
	GlobalSection(ProjectConfigurationPlatforms) = postSolution
		{F886237F-0EE0-4F05-8628-DE206A796C75}.Debug|Any CPU.ActiveCfg = Debug|Any CPU
		{F886237F-0EE0-4F05-8628-DE206A796C75}.Debug|Any CPU.Build.0 = Debug|Any CPU
		{F886237F-0EE0-4F05-8628-DE206A796C75}.Release|Any CPU.ActiveCfg = Release|Any CPU
		{F886237F-0EE0-4F05-8628-DE206A796C75}.Release|Any CPU.Build.0 = Release|Any CPU
		{B6C5D2D6-EBEE-4453-A84C-F23633B8A826}.Debug|Any CPU.ActiveCfg = Debug|Any CPU
		{B6C5D2D6-EBEE-4453-A84C-F23633B8A826}.Debug|Any CPU.Build.0 = Debug|Any CPU
		{B6C5D2D6-EBEE-4453-A84C-F23633B8A826}.Release|Any CPU.ActiveCfg = Release|Any CPU
		{B6C5D2D6-EBEE-4453-A84C-F23633B8A826}.Release|Any CPU.Build.0 = Release|Any CPU
		{B0D9AEE7-8B29-4F81-97FF-FC543147F855}.Debug|Any CPU.ActiveCfg = Debug|Any CPU
		{B0D9AEE7-8B29-4F81-97FF-FC543147F855}.Debug|Any CPU.Build.0 = Debug|Any CPU
		{B0D9AEE7-8B29-4F81-97FF-FC543147F855}.Release|Any CPU.ActiveCfg = Release|Any CPU
		{B0D9AEE7-8B29-4F81-97FF-FC543147F855}.Release|Any CPU.Build.0 = Release|Any CPU
		{670053A3-B9F8-442E-8A98-1297F314D9F4}.Debug|Any CPU.ActiveCfg = Debug|Any CPU
		{670053A3-B9F8-442E-8A98-1297F314D9F4}.Debug|Any CPU.Build.0 = Debug|Any CPU
		{670053A3-B9F8-442E-8A98-1297F314D9F4}.Release|Any CPU.ActiveCfg = Release|Any CPU
		{670053A3-B9F8-442E-8A98-1297F314D9F4}.Release|Any CPU.Build.0 = Release|Any CPU
		{AD495CA1-A6B8-46FE-8D29-91D4FB0BBFD3}.Debug|Any CPU.ActiveCfg = Debug|Any CPU
		{AD495CA1-A6B8-46FE-8D29-91D4FB0BBFD3}.Debug|Any CPU.Build.0 = Debug|Any CPU
		{AD495CA1-A6B8-46FE-8D29-91D4FB0BBFD3}.Release|Any CPU.ActiveCfg = Release|Any CPU
		{AD495CA1-A6B8-46FE-8D29-91D4FB0BBFD3}.Release|Any CPU.Build.0 = Release|Any CPU
	EndGlobalSection
	GlobalSection(SolutionProperties) = preSolution
		HideSolutionNode = FALSE
	EndGlobalSection
	GlobalSection(ExtensibilityGlobals) = postSolution
		SolutionGuid = {AFE685C5-CC28-44C1-8D02-86D3AD611598}
	EndGlobalSection
EndGlobal
